
Microsoft Visual Studio Solution File, Format Version 12.00
# Visual Studio 15
VisualStudioVersion = 15.0.27004.2009
MinimumVisualStudioVersion = 10.0.40219.1
Project("{FAE04EC0-301F-11D3-BF4B-00C04F79EFBC}") = "SchoolWeb", "SchoolWeb\SchoolWeb.csproj", "{6B90CD51-012D-4283-99F3-4523A88073D0}"
EndProject
Global
	GlobalSection(SolutionConfigurationPlatforms) = preSolution
		Debug|Any CPU = Debug|Any CPU
		Release|Any CPU = Release|Any CPU
	EndGlobalSection
	GlobalSection(ProjectConfigurationPlatforms) = postSolution
		{6B90CD51-012D-4283-99F3-4523A88073D0}.Debug|Any CPU.ActiveCfg = Debug|Any CPU
		{6B90CD51-012D-4283-99F3-4523A88073D0}.Debug|Any CPU.Build.0 = Debug|Any CPU
		{6B90CD51-012D-4283-99F3-4523A88073D0}.Release|Any CPU.ActiveCfg = Release|Any CPU
		{6B90CD51-012D-4283-99F3-4523A88073D0}.Release|Any CPU.Build.0 = Release|Any CPU
	EndGlobalSection
	GlobalSection(SolutionProperties) = preSolution
		HideSolutionNode = FALSE
	EndGlobalSection
	GlobalSection(ExtensibilityGlobals) = postSolution
		SolutionGuid = {394442F1-873F-412D-9709-65E81FAD6D6C}
	EndGlobalSection
EndGlobal
